
Microsoft Visual Studio Solution File, Format Version 12.00
# Visual Studio Version 16
VisualStudioVersion = 16.0.29613.14
MinimumVisualStudioVersion = 10.0.40219.1
Project("{FAE04EC0-301F-11D3-BF4B-00C04F79EFBC}") = "EX1prova", "EX1prova\EX1prova.csproj", "{9CD7813B-0B76-4348-9F24-ACC0E82645DE}"
EndProject
Project("{2150E333-8FDC-42A3-9474-1A3956D46DE8}") = "Solution Items", "Solution Items", "{42E77B68-FBED-4442-A543-71DAA3FB2607}"
	ProjectSection(SolutionItems) = preProject
		.editorconfig = .editorconfig
	EndProjectSection
EndProject
Global
	GlobalSection(SolutionConfigurationPlatforms) = preSolution
		Debug|Any CPU = Debug|Any CPU
		Release|Any CPU = Release|Any CPU
	EndGlobalSection
	GlobalSection(ProjectConfigurationPlatforms) = postSolution
		{9CD7813B-0B76-4348-9F24-ACC0E82645DE}.Debug|Any CPU.ActiveCfg = Debug|Any CPU
		{9CD7813B-0B76-4348-9F24-ACC0E82645DE}.Debug|Any CPU.Build.0 = Debug|Any CPU
		{9CD7813B-0B76-4348-9F24-ACC0E82645DE}.Release|Any CPU.ActiveCfg = Release|Any CPU
		{9CD7813B-0B76-4348-9F24-ACC0E82645DE}.Release|Any CPU.Build.0 = Release|Any CPU
	EndGlobalSection
	GlobalSection(SolutionProperties) = preSolution
		HideSolutionNode = FALSE
	EndGlobalSection
	GlobalSection(ExtensibilityGlobals) = postSolution
		SolutionGuid = {4A8E3158-59C5-4FEC-971D-8C4DB34BF977}
	EndGlobalSection
EndGlobal
